
Microsoft Visual Studio Solution File, Format Version 12.00
# Visual Studio Version 17
VisualStudioVersion = 17.9.34607.119
MinimumVisualStudioVersion = 10.0.40219.1
Project("{FAE04EC0-301F-11D3-BF4B-00C04F79EFBC}") = "QuickSortAlgorithm", "QuickSortAlgorithm.csproj", "{744D2716-9C2A-4B11-BFA8-E7DA8B2E13C0}"
EndProject
Global
	GlobalSection(SolutionConfigurationPlatforms) = preSolution
		Debug|Any CPU = Debug|Any CPU
		Release|Any CPU = Release|Any CPU
	EndGlobalSection
	GlobalSection(ProjectConfigurationPlatforms) = postSolution
		{744D2716-9C2A-4B11-BFA8-E7DA8B2E13C0}.Debug|Any CPU.ActiveCfg = Debug|Any CPU
		{744D2716-9C2A-4B11-BFA8-E7DA8B2E13C0}.Debug|Any CPU.Build.0 = Debug|Any CPU
		{744D2716-9C2A-4B11-BFA8-E7DA8B2E13C0}.Release|Any CPU.ActiveCfg = Release|Any CPU
		{744D2716-9C2A-4B11-BFA8-E7DA8B2E13C0}.Release|Any CPU.Build.0 = Release|Any CPU
	EndGlobalSection
	GlobalSection(SolutionProperties) = preSolution
		HideSolutionNode = FALSE
	EndGlobalSection
	GlobalSection(ExtensibilityGlobals) = postSolution
		SolutionGuid = {D0D7CB15-B3CE-428E-806E-2C3A28838F8C}
	EndGlobalSection
EndGlobal
